
Microsoft Visual Studio Solution File, Format Version 12.00
# Visual Studio Version 16
VisualStudioVersion = 16.0.30413.136
MinimumVisualStudioVersion = 10.0.40219.1
Project("{FAE04EC0-301F-11D3-BF4B-00C04F79EFBC}") = "Dan_LX_Milos_Peric", "Dan_LX_Milos_Peric\Dan_LX_Milos_Peric.csproj", "{6F3000E6-4EA3-41B6-B63A-668ED0E90914}"
EndProject
Global
	GlobalSection(SolutionConfigurationPlatforms) = preSolution
		Debug|Any CPU = Debug|Any CPU
		Release|Any CPU = Release|Any CPU
	EndGlobalSection
	GlobalSection(ProjectConfigurationPlatforms) = postSolution
		{6F3000E6-4EA3-41B6-B63A-668ED0E90914}.Debug|Any CPU.ActiveCfg = Debug|Any CPU
		{6F3000E6-4EA3-41B6-B63A-668ED0E90914}.Debug|Any CPU.Build.0 = Debug|Any CPU
		{6F3000E6-4EA3-41B6-B63A-668ED0E90914}.Release|Any CPU.ActiveCfg = Release|Any CPU
		{6F3000E6-4EA3-41B6-B63A-668ED0E90914}.Release|Any CPU.Build.0 = Release|Any CPU
	EndGlobalSection
	GlobalSection(SolutionProperties) = preSolution
		HideSolutionNode = FALSE
	EndGlobalSection
	GlobalSection(ExtensibilityGlobals) = postSolution
		SolutionGuid = {E2CC73A6-6617-4030-A6E2-C4F9740702E5}
	EndGlobalSection
EndGlobal
